
Microsoft Visual Studio Solution File, Format Version 12.00
# Visual Studio Version 17
VisualStudioVersion = 17.14.36127.28
MinimumVisualStudioVersion = 10.0.40219.1
Project("{FAE04EC0-301F-11D3-BF4B-00C04F79EFBC}") = "FlowDeskCo.API", "FlowDeskCo.API\FlowDeskCo.API.csproj", "{2F0A1AC5-C107-AC03-32B7-3FB1385809C9}"
EndProject
Project("{FAE04EC0-301F-11D3-BF4B-00C04F79EFBC}") = "FlowDeskCo.Application", "FlowDeskCo.Application\FlowDeskCo.Application.csproj", "{21A6FBE8-4021-E304-4A86-62621611E40F}"
EndProject
Project("{FAE04EC0-301F-11D3-BF4B-00C04F79EFBC}") = "FlowDeskCo.Domain", "FlowDeskCo.Domain\FlowDeskCo.Domain.csproj", "{F3EC336D-6CDE-841A-6C79-56997269441B}"
EndProject
Project("{FAE04EC0-301F-11D3-BF4B-00C04F79EFBC}") = "FlowDeskCo.Infrastructure", "FlowDeskCo.Infrastructure\FlowDeskCo.Infrastructure.csproj", "{A868D55E-C56E-6D46-487D-54A52EE09A74}"
EndProject
Global
	GlobalSection(SolutionConfigurationPlatforms) = preSolution
		Debug|Any CPU = Debug|Any CPU
		Release|Any CPU = Release|Any CPU
	EndGlobalSection
	GlobalSection(ProjectConfigurationPlatforms) = postSolution
		{2F0A1AC5-C107-AC03-32B7-3FB1385809C9}.Debug|Any CPU.ActiveCfg = Debug|Any CPU
		{2F0A1AC5-C107-AC03-32B7-3FB1385809C9}.Debug|Any CPU.Build.0 = Debug|Any CPU
		{2F0A1AC5-C107-AC03-32B7-3FB1385809C9}.Release|Any CPU.ActiveCfg = Release|Any CPU
		{2F0A1AC5-C107-AC03-32B7-3FB1385809C9}.Release|Any CPU.Build.0 = Release|Any CPU
		{21A6FBE8-4021-E304-4A86-62621611E40F}.Debug|Any CPU.ActiveCfg = Debug|Any CPU
		{21A6FBE8-4021-E304-4A86-62621611E40F}.Debug|Any CPU.Build.0 = Debug|Any CPU
		{21A6FBE8-4021-E304-4A86-62621611E40F}.Release|Any CPU.ActiveCfg = Release|Any CPU
		{21A6FBE8-4021-E304-4A86-62621611E40F}.Release|Any CPU.Build.0 = Release|Any CPU
		{F3EC336D-6CDE-841A-6C79-56997269441B}.Debug|Any CPU.ActiveCfg = Debug|Any CPU
		{F3EC336D-6CDE-841A-6C79-56997269441B}.Debug|Any CPU.Build.0 = Debug|Any CPU
		{F3EC336D-6CDE-841A-6C79-56997269441B}.Release|Any CPU.ActiveCfg = Release|Any CPU
		{F3EC336D-6CDE-841A-6C79-56997269441B}.Release|Any CPU.Build.0 = Release|Any CPU
		{A868D55E-C56E-6D46-487D-54A52EE09A74}.Debug|Any CPU.ActiveCfg = Debug|Any CPU
		{A868D55E-C56E-6D46-487D-54A52EE09A74}.Debug|Any CPU.Build.0 = Debug|Any CPU
		{A868D55E-C56E-6D46-487D-54A52EE09A74}.Release|Any CPU.ActiveCfg = Release|Any CPU
		{A868D55E-C56E-6D46-487D-54A52EE09A74}.Release|Any CPU.Build.0 = Release|Any CPU
	EndGlobalSection
	GlobalSection(SolutionProperties) = preSolution
		HideSolutionNode = FALSE
	EndGlobalSection
	GlobalSection(ExtensibilityGlobals) = postSolution
		SolutionGuid = {1D4AB735-F994-47F9-9712-898A859790FE}
	EndGlobalSection
EndGlobal
