
Microsoft Visual Studio Solution File, Format Version 12.00
# Visual Studio Version 17
VisualStudioVersion = 17.14.36127.28 d17.14
MinimumVisualStudioVersion = 10.0.40219.1
Project("{FAE04EC0-301F-11D3-BF4B-00C04F79EFBC}") = "RestateCo.API", "RestateCo.API\RestateCo.API.csproj", "{C6E81808-6EA5-4643-9ECD-8C1360F0A5E2}"
EndProject
Project("{FAE04EC0-301F-11D3-BF4B-00C04F79EFBC}") = "RestateCo.Domain", "RestateCo.Domain\RestateCo.Domain.csproj", "{B6751A12-9D82-4CD4-A907-0FEFEA29CBAA}"
EndProject
Project("{FAE04EC0-301F-11D3-BF4B-00C04F79EFBC}") = "RestateCo.Application", "RestateCo.Application\RestateCo.Application.csproj", "{C6C9A328-AB5C-4D50-8BAD-16D5CDE9AEC4}"
EndProject
Project("{FAE04EC0-301F-11D3-BF4B-00C04F79EFBC}") = "RestateCo.Infrastructure", "RestateCo.Infrastructure\RestateCo.Infrastructure.csproj", "{2BF58235-2E3F-45F9-AAEF-06F57478E6DC}"
EndProject
Project("{FAE04EC0-301F-11D3-BF4B-00C04F79EFBC}") = "RestateCo.Persistence", "RestateCo.Persistence\RestateCo.Persistence.csproj", "{AD149BAD-E591-44B5-A8DB-911799697977}"
EndProject
Global
	GlobalSection(SolutionConfigurationPlatforms) = preSolution
		Debug|Any CPU = Debug|Any CPU
		Release|Any CPU = Release|Any CPU
	EndGlobalSection
	GlobalSection(ProjectConfigurationPlatforms) = postSolution
		{C6E81808-6EA5-4643-9ECD-8C1360F0A5E2}.Debug|Any CPU.ActiveCfg = Debug|Any CPU
		{C6E81808-6EA5-4643-9ECD-8C1360F0A5E2}.Debug|Any CPU.Build.0 = Debug|Any CPU
		{C6E81808-6EA5-4643-9ECD-8C1360F0A5E2}.Release|Any CPU.ActiveCfg = Release|Any CPU
		{C6E81808-6EA5-4643-9ECD-8C1360F0A5E2}.Release|Any CPU.Build.0 = Release|Any CPU
		{B6751A12-9D82-4CD4-A907-0FEFEA29CBAA}.Debug|Any CPU.ActiveCfg = Debug|Any CPU
		{B6751A12-9D82-4CD4-A907-0FEFEA29CBAA}.Debug|Any CPU.Build.0 = Debug|Any CPU
		{B6751A12-9D82-4CD4-A907-0FEFEA29CBAA}.Release|Any CPU.ActiveCfg = Release|Any CPU
		{B6751A12-9D82-4CD4-A907-0FEFEA29CBAA}.Release|Any CPU.Build.0 = Release|Any CPU
		{C6C9A328-AB5C-4D50-8BAD-16D5CDE9AEC4}.Debug|Any CPU.ActiveCfg = Debug|Any CPU
		{C6C9A328-AB5C-4D50-8BAD-16D5CDE9AEC4}.Debug|Any CPU.Build.0 = Debug|Any CPU
		{C6C9A328-AB5C-4D50-8BAD-16D5CDE9AEC4}.Release|Any CPU.ActiveCfg = Release|Any CPU
		{C6C9A328-AB5C-4D50-8BAD-16D5CDE9AEC4}.Release|Any CPU.Build.0 = Release|Any CPU
		{2BF58235-2E3F-45F9-AAEF-06F57478E6DC}.Debug|Any CPU.ActiveCfg = Debug|Any CPU
		{2BF58235-2E3F-45F9-AAEF-06F57478E6DC}.Debug|Any CPU.Build.0 = Debug|Any CPU
		{2BF58235-2E3F-45F9-AAEF-06F57478E6DC}.Release|Any CPU.ActiveCfg = Release|Any CPU
		{2BF58235-2E3F-45F9-AAEF-06F57478E6DC}.Release|Any CPU.Build.0 = Release|Any CPU
		{AD149BAD-E591-44B5-A8DB-911799697977}.Debug|Any CPU.ActiveCfg = Debug|Any CPU
		{AD149BAD-E591-44B5-A8DB-911799697977}.Debug|Any CPU.Build.0 = Debug|Any CPU
		{AD149BAD-E591-44B5-A8DB-911799697977}.Release|Any CPU.ActiveCfg = Release|Any CPU
		{AD149BAD-E591-44B5-A8DB-911799697977}.Release|Any CPU.Build.0 = Release|Any CPU
	EndGlobalSection
	GlobalSection(SolutionProperties) = preSolution
		HideSolutionNode = FALSE
	EndGlobalSection
	GlobalSection(ExtensibilityGlobals) = postSolution
		SolutionGuid = {1D4AB735-F994-47F9-9712-898A859790FE}
	EndGlobalSection
EndGlobal
